<?xml version="1.0" encoding="UTF-8" standalone="yes" ?>
<CodeBlocks_project_file>
	<FileVersion major="1" minor="6" />
	<Project>
		<Option title="Lower Deck" />
		<Option makefile_is_custom="1" />
		<Option execution_dir="/home/personal/prg/cc/robot/src/ld" />
		<Option pch_mode="2" />
		<Option compiler="gcc" />
		<Option virtualFolders="Headers/;CHeaders/;Source/;MakeFile/;CPPHEADERS/;Test/;" />
		<Build>
			<Target title="Debug">
				<Option output="bin/Debug/Lower Deck" prefix_auto="1" extension_auto="1" />
				<Option object_output="obj/Debug/" />
				<Option type="1" />
				<Option compiler="gcc" />
				<Compiler>
					<Add option="-g" />
				</Compiler>
			</Target>
			<Target title="Release">
				<Option output="bin/Release/Lower Deck" prefix_auto="1" extension_auto="1" />
				<Option object_output="obj/Release/" />
				<Option type="1" />
				<Option compiler="gcc" />
				<Compiler>
					<Add option="-O2" />
				</Compiler>
				<Linker>
					<Add option="-s" />
				</Linker>
			</Target>
			<Target title="TestAll">
				<Option type="4" />
				<Option compiler="gcc" />
			</Target>
		</Build>
		<Compiler>
			<Add option="-Wall" />
		</Compiler>
		<Unit filename="src/ld/Makefile">
			<Option virtualFolder="MakeFile/" />
		</Unit>
		<Unit filename="src/ld/Settings.h">
			<Option virtualFolder="CHeaders/" />
		</Unit>
		<Unit filename="src/ld/ld.pde">
			<Option virtualFolder="Source/" />
		</Unit>
		<Unit filename="src/ld/settings.mk">
			<Option virtualFolder="MakeFile/" />
		</Unit>
		<Unit filename="src/ld/test/testSerial.py">
			<Option virtualFolder="Test/" />
		</Unit>
		<Unit filename="src/ld/test/testld.cpp">
			<Option virtualFolder="Test/" />
		</Unit>
		<Unit filename="src/ld/test/tests.h">
			<Option virtualFolder="Test/" />
		</Unit>
		<Extensions>
			<code_completion />
			<debugger />
		</Extensions>
	</Project>
</CodeBlocks_project_file>
