<?xml version="1.0" encoding="UTF-8" standalone="yes" ?>
<CodeBlocks_project_file>
	<FileVersion major="1" minor="6" />
	<Project>
		<Option title="Upper Deck" />
		<Option makefile_is_custom="1" />
		<Option execution_dir="/home/personal/prg/cc/robot/src/ud" />
		<Option pch_mode="2" />
		<Option compiler="gcc" />
		<Option virtualFolders="Python/;" />
		<Build>
			<Target title="Debug">
				<Option type="4" />
				<Option compiler="gcc" />
				<Option parameters="run" />
				<Compiler>
					<Add option="-g" />
				</Compiler>
			</Target>
			<Target title="TestAll">
				<Option type="4" />
				<Option compiler="gcc" />
			</Target>
		</Build>
		<Compiler>
			<Add option="-Wall" />
			<Add directory="inc" />
		</Compiler>
		<Unit filename="src/ud/sensors.py">
			<Option virtualFolder="Python/" />
			<Option target="Debug" />
		</Unit>
		<Unit filename="src/ud/settings.py">
			<Option virtualFolder="Python/" />
		</Unit>
		<Unit filename="src/ud/states.py">
			<Option virtualFolder="Python/" />
			<Option target="Debug" />
		</Unit>
		<Unit filename="src/ud/support.py">
			<Option virtualFolder="Python/" />
		</Unit>
		<Unit filename="src/ud/utility.py">
			<Option virtualFolder="Python/" />
		</Unit>
		<Extensions>
			<code_completion />
			<debugger />
		</Extensions>
	</Project>
</CodeBlocks_project_file>
